// !$*UTF8*$!
{
	archiveVersion = 1;
	classes = {
	};
	objectVersion = 51;
	objects = {

/* Begin PBXBuildFile section */
		A0C5D0F623EC881300610548 /* AppDelegate.swift in Sources */ = {isa = PBXBuildFile; fileRef = A0C5D0F523EC881300610548 /* AppDelegate.swift */; };
		A0C5D0FD23EC881300610548 /* Main.storyboard in Resources */ = {isa = PBXBuildFile; fileRef = A0C5D0FB23EC881300610548 /* Main.storyboard */; };
		A0C5D10023EC881300610548 /* MemoryGame.xcdatamodeld in Sources */ = {isa = PBXBuildFile; fileRef = A0C5D0FE23EC881300610548 /* MemoryGame.xcdatamodeld */; };
		A0C5D10223EC881500610548 /* Assets.xcassets in Resources */ = {isa = PBXBuildFile; fileRef = A0C5D10123EC881500610548 /* Assets.xcassets */; };
		A0C5D10523EC881500610548 /* LaunchScreen.storyboard in Resources */ = {isa = PBXBuildFile; fileRef = A0C5D10323EC881500610548 /* LaunchScreen.storyboard */; };
		A0C5D11023EC969700610548 /* Card.swift in Sources */ = {isa = PBXBuildFile; fileRef = A0C5D10F23EC969700610548 /* Card.swift */; };
		A0C5D11223EC96DD00610548 /* MemoryGame.swift in Sources */ = {isa = PBXBuildFile; fileRef = A0C5D11123EC96DD00610548 /* MemoryGame.swift */; };
		A0C5D11423EC975600610548 /* GameController.swift in Sources */ = {isa = PBXBuildFile; fileRef = A0C5D11323EC975600610548 /* GameController.swift */; };
		A0C5D11623EC998600610548 /* APIFlickr.swift in Sources */ = {isa = PBXBuildFile; fileRef = A0C5D11523EC998600610548 /* APIFlickr.swift */; };
		A0C5D11A23EC9BCD00610548 /* CardCell.swift in Sources */ = {isa = PBXBuildFile; fileRef = A0C5D11923EC9BCD00610548 /* CardCell.swift */; };
		A0EA620323ECB0DB004123BB /* Extension.swift in Sources */ = {isa = PBXBuildFile; fileRef = A0EA620223ECB0DB004123BB /* Extension.swift */; };
		A0EA620923ECB69C004123BB /* MainController.swift in Sources */ = {isa = PBXBuildFile; fileRef = A0EA620823ECB69C004123BB /* MainController.swift */; };
		A0EA620B23ECB6AB004123BB /* LevelController.swift in Sources */ = {isa = PBXBuildFile; fileRef = A0EA620A23ECB6AB004123BB /* LevelController.swift */; };
		A0EA620D23ED7F44004123BB /* Highscore.swift in Sources */ = {isa = PBXBuildFile; fileRef = A0EA620C23ED7F44004123BB /* Highscore.swift */; };
		A0EA620F23ED95D0004123BB /* HighscoreCell.swift in Sources */ = {isa = PBXBuildFile; fileRef = A0EA620E23ED95D0004123BB /* HighscoreCell.swift */; };
		A0EA621123ED968B004123BB /* HighscoreController.swift in Sources */ = {isa = PBXBuildFile; fileRef = A0EA621023ED968B004123BB /* HighscoreController.swift */; };
		A0EA621323ED9FCB004123BB /* Player.swift in Sources */ = {isa = PBXBuildFile; fileRef = A0EA621223ED9FCB004123BB /* Player.swift */; };
		BAFC43C96A42B9D4BC3B39F9 /* Pods_MemoryGame.framework in Frameworks */ = {isa = PBXBuildFile; fileRef = 256B4C998BE58BD50BCE4CF4 /* Pods_MemoryGame.framework */; };
/* End PBXBuildFile section */

/* Begin PBXFileReference section */
		256B4C998BE58BD50BCE4CF4 /* Pods_MemoryGame.framework */ = {isa = PBXFileReference; explicitFileType = wrapper.framework; includeInIndex = 0; path = Pods_MemoryGame.framework; sourceTree = BUILT_PRODUCTS_DIR; };
		798B3A74EC0B3A1239FF81B2 /* Pods-MemoryGame.debug.xcconfig */ = {isa = PBXFileReference; includeInIndex = 1; lastKnownFileType = text.xcconfig; name = "Pods-MemoryGame.debug.xcconfig"; path = "Target Support Files/Pods-MemoryGame/Pods-MemoryGame.debug.xcconfig"; sourceTree = "<group>"; };
		9CA1E7284AB83C0C7E16B6E0 /* Pods-MemoryGame.release.xcconfig */ = {isa = PBXFileReference; includeInIndex = 1; lastKnownFileType = text.xcconfig; name = "Pods-MemoryGame.release.xcconfig"; path = "Target Support Files/Pods-MemoryGame/Pods-MemoryGame.release.xcconfig"; sourceTree = "<group>"; };
		A0C5D0F223EC881300610548 /* MemoryGame.app */ = {isa = PBXFileReference; explicitFileType = wrapper.application; includeInIndex = 0; path = MemoryGame.app; sourceTree = BUILT_PRODUCTS_DIR; };
		A0C5D0F523EC881300610548 /* AppDelegate.swift */ = {isa = PBXFileReference; lastKnownFileType = sourcecode.swift; path = AppDelegate.swift; sourceTree = "<group>"; };
		A0C5D0FC23EC881300610548 /* Base */ = {isa = PBXFileReference; lastKnownFileType = file.storyboard; name = Base; path = Base.lproj/Main.storyboard; sourceTree = "<group>"; };
		A0C5D0FF23EC881300610548 /* MemoryGame.xcdatamodel */ = {isa = PBXFileReference; lastKnownFileType = wrapper.xcdatamodel; path = MemoryGame.xcdatamodel; sourceTree = "<group>"; };
		A0C5D10123EC881500610548 /* Assets.xcassets */ = {isa = PBXFileReference; lastKnownFileType = folder.assetcatalog; path = Assets.xcassets; sourceTree = "<group>"; };
		A0C5D10423EC881500610548 /* Base */ = {isa = PBXFileReference; lastKnownFileType = file.storyboard; name = Base; path = Base.lproj/LaunchScreen.storyboard; sourceTree = "<group>"; };
		A0C5D10623EC881500610548 /* Info.plist */ = {isa = PBXFileReference; lastKnownFileType = text.plist.xml; path = Info.plist; sourceTree = "<group>"; };
		A0C5D10F23EC969700610548 /* Card.swift */ = {isa = PBXFileReference; lastKnownFileType = sourcecode.swift; path = Card.swift; sourceTree = "<group>"; };
		A0C5D11123EC96DD00610548 /* MemoryGame.swift */ = {isa = PBXFileReference; lastKnownFileType = sourcecode.swift; path = MemoryGame.swift; sourceTree = "<group>"; };
		A0C5D11323EC975600610548 /* GameController.swift */ = {isa = PBXFileReference; lastKnownFileType = sourcecode.swift; path = GameController.swift; sourceTree = "<group>"; };
		A0C5D11523EC998600610548 /* APIFlickr.swift */ = {isa = PBXFileReference; lastKnownFileType = sourcecode.swift; path = APIFlickr.swift; sourceTree = "<group>"; };
		A0C5D11923EC9BCD00610548 /* CardCell.swift */ = {isa = PBXFileReference; lastKnownFileType = sourcecode.swift; path = CardCell.swift; sourceTree = "<group>"; };
		A0EA620223ECB0DB004123BB /* Extension.swift */ = {isa = PBXFileReference; lastKnownFileType = sourcecode.swift; path = Extension.swift; sourceTree = "<group>"; };
		A0EA620823ECB69C004123BB /* MainController.swift */ = {isa = PBXFileReference; lastKnownFileType = sourcecode.swift; path = MainController.swift; sourceTree = "<group>"; };
		A0EA620A23ECB6AB004123BB /* LevelController.swift */ = {isa = PBXFileReference; lastKnownFileType = sourcecode.swift; path = LevelController.swift; sourceTree = "<group>"; };
		A0EA620C23ED7F44004123BB /* Highscore.swift */ = {isa = PBXFileReference; lastKnownFileType = sourcecode.swift; path = Highscore.swift; sourceTree = "<group>"; };
		A0EA620E23ED95D0004123BB /* HighscoreCell.swift */ = {isa = PBXFileReference; lastKnownFileType = sourcecode.swift; path = HighscoreCell.swift; sourceTree = "<group>"; };
		A0EA621023ED968B004123BB /* HighscoreController.swift */ = {isa = PBXFileReference; lastKnownFileType = sourcecode.swift; path = HighscoreController.swift; sourceTree = "<group>"; };
		A0EA621223ED9FCB004123BB /* Player.swift */ = {isa = PBXFileReference; lastKnownFileType = sourcecode.swift; path = Player.swift; sourceTree = "<group>"; };
/* End PBXFileReference section */

/* Begin PBXFrameworksBuildPhase section */
		A0C5D0EF23EC881200610548 /* Frameworks */ = {
			isa = PBXFrameworksBuildPhase;
			buildActionMask = 2147483647;
			files = (
				BAFC43C96A42B9D4BC3B39F9 /* Pods_MemoryGame.framework in Frameworks */,
			);
			runOnlyForDeploymentPostprocessing = 0;
		};
/* End PBXFrameworksBuildPhase section */

/* Begin PBXGroup section */
		295B19C07669B2048D620ACF /* Pods */ = {
			isa = PBXGroup;
			children = (
				798B3A74EC0B3A1239FF81B2 /* Pods-MemoryGame.debug.xcconfig */,
				9CA1E7284AB83C0C7E16B6E0 /* Pods-MemoryGame.release.xcconfig */,
			);
			path = Pods;
			sourceTree = "<group>";
		};
		49D315BE35A71CE0FC4D1ED5 /* Frameworks */ = {
			isa = PBXGroup;
			children = (
				256B4C998BE58BD50BCE4CF4 /* Pods_MemoryGame.framework */,
			);
			name = Frameworks;
			sourceTree = "<group>";
		};
		A0C5D0E923EC881200610548 = {
			isa = PBXGroup;
			children = (
				A0C5D0F423EC881300610548 /* MemoryGame */,
				A0C5D0F323EC881300610548 /* Products */,
				295B19C07669B2048D620ACF /* Pods */,
				49D315BE35A71CE0FC4D1ED5 /* Frameworks */,
			);
			sourceTree = "<group>";
		};
		A0C5D0F323EC881300610548 /* Products */ = {
			isa = PBXGroup;
			children = (
				A0C5D0F223EC881300610548 /* MemoryGame.app */,
			);
			name = Products;
			sourceTree = "<group>";
		};
		A0C5D0F423EC881300610548 /* MemoryGame */ = {
			isa = PBXGroup;
			children = (
				A0EA620223ECB0DB004123BB /* Extension.swift */,
				A0C5D11523EC998600610548 /* APIFlickr.swift */,
				A0EA620C23ED7F44004123BB /* Highscore.swift */,
				A0C5D10E23EC960600610548 /* Model */,
				A0C5D10D23EC95FC00610548 /* Controller */,
				A0C5D10C23EC95F500610548 /* View */,
				A0C5D0F523EC881300610548 /* AppDelegate.swift */,
				A0C5D10123EC881500610548 /* Assets.xcassets */,
				A0C5D10323EC881500610548 /* LaunchScreen.storyboard */,
				A0C5D10623EC881500610548 /* Info.plist */,
				A0C5D0FE23EC881300610548 /* MemoryGame.xcdatamodeld */,
			);
			path = MemoryGame;
			sourceTree = "<group>";
		};
		A0C5D10C23EC95F500610548 /* View */ = {
			isa = PBXGroup;
			children = (
				A0C5D0FB23EC881300610548 /* Main.storyboard */,
				A0C5D11923EC9BCD00610548 /* CardCell.swift */,
				A0EA620E23ED95D0004123BB /* HighscoreCell.swift */,
			);
			path = View;
			sourceTree = "<group>";
		};
		A0C5D10D23EC95FC00610548 /* Controller */ = {
			isa = PBXGroup;
			children = (
				A0C5D11323EC975600610548 /* GameController.swift */,
				A0EA620823ECB69C004123BB /* MainController.swift */,
				A0EA620A23ECB6AB004123BB /* LevelController.swift */,
				A0EA621023ED968B004123BB /* HighscoreController.swift */,
			);
			path = Controller;
			sourceTree = "<group>";
		};
		A0C5D10E23EC960600610548 /* Model */ = {
			isa = PBXGroup;
			children = (
				A0C5D10F23EC969700610548 /* Card.swift */,
				A0C5D11123EC96DD00610548 /* MemoryGame.swift */,
				A0EA621223ED9FCB004123BB /* Player.swift */,
			);
			path = Model;
			sourceTree = "<group>";
		};
/* End PBXGroup section */

/* Begin PBXNativeTarget section */
		A0C5D0F123EC881200610548 /* MemoryGame */ = {
			isa = PBXNativeTarget;
			buildConfigurationList = A0C5D10923EC881500610548 /* Build configuration list for PBXNativeTarget "MemoryGame" */;
			buildPhases = (
				F9FDEDFA515E8CAD7E7746B7 /* [CP] Check Pods Manifest.lock */,
				A0C5D0EE23EC881200610548 /* Sources */,
				A0C5D0EF23EC881200610548 /* Frameworks */,
				A0C5D0F023EC881200610548 /* Resources */,
				225F7D12F0A71030A187B73E /* [CP] Embed Pods Frameworks */,
			);
			buildRules = (
			);
			dependencies = (
			);
			name = MemoryGame;
			productName = MemoryGame;
			productReference = A0C5D0F223EC881300610548 /* MemoryGame.app */;
			productType = "com.apple.product-type.application";
		};
/* End PBXNativeTarget section */

/* Begin PBXProject section */
		A0C5D0EA23EC881200610548 /* Project object */ = {
			isa = PBXProject;
			attributes = {
				LastSwiftUpdateCheck = 1130;
				LastUpgradeCheck = 1130;
				ORGANIZATIONNAME = "Arber Basha";
				TargetAttributes = {
					A0C5D0F123EC881200610548 = {
						CreatedOnToolsVersion = 11.3.1;
					};
				};
			};
			buildConfigurationList = A0C5D0ED23EC881200610548 /* Build configuration list for PBXProject "MemoryGame" */;
			compatibilityVersion = "Xcode 9.3";
			developmentRegion = en;
			hasScannedForEncodings = 0;
			knownRegions = (
				en,
				Base,
			);
			mainGroup = A0C5D0E923EC881200610548;
			productRefGroup = A0C5D0F323EC881300610548 /* Products */;
			projectDirPath = "";
			projectRoot = "";
			targets = (
				A0C5D0F123EC881200610548 /* MemoryGame */,
			);
		};
/* End PBXProject section */

/* Begin PBXResourcesBuildPhase section */
		A0C5D0F023EC881200610548 /* Resources */ = {
			isa = PBXResourcesBuildPhase;
			buildActionMask = 2147483647;
			files = (
				A0C5D10523EC881500610548 /* LaunchScreen.storyboard in Resources */,
				A0C5D10223EC881500610548 /* Assets.xcassets in Resources */,
				A0C5D0FD23EC881300610548 /* Main.storyboard in Resources */,
			);
			runOnlyForDeploymentPostprocessing = 0;
		};
/* End PBXResourcesBuildPhase section */

/* Begin PBXShellScriptBuildPhase section */
		225F7D12F0A71030A187B73E /* [CP] Embed Pods Frameworks */ = {
			isa = PBXShellScriptBuildPhase;
			buildActionMask = 2147483647;
			files = (
			);
			inputFileListPaths = (
				"${PODS_ROOT}/Target Support Files/Pods-MemoryGame/Pods-MemoryGame-frameworks-${CONFIGURATION}-input-files.xcfilelist",
			);
			name = "[CP] Embed Pods Frameworks";
			outputFileListPaths = (
				"${PODS_ROOT}/Target Support Files/Pods-MemoryGame/Pods-MemoryGame-frameworks-${CONFIGURATION}-output-files.xcfilelist",
			);
			runOnlyForDeploymentPostprocessing = 0;
			shellPath = /bin/sh;
			shellScript = "\"${PODS_ROOT}/Target Support Files/Pods-MemoryGame/Pods-MemoryGame-frameworks.sh\"\n";
			showEnvVarsInLog = 0;
		};
		F9FDEDFA515E8CAD7E7746B7 /* [CP] Check Pods Manifest.lock */ = {
			isa = PBXShellScriptBuildPhase;
			buildActionMask = 2147483647;
			files = (
			);
			inputFileListPaths = (
			);
			inputPaths = (
				"${PODS_PODFILE_DIR_PATH}/Podfile.lock",
				"${PODS_ROOT}/Manifest.lock",
			);
			name = "[CP] Check Pods Manifest.lock";
			outputFileListPaths = (
			);
			outputPaths = (
				"$(DERIVED_FILE_DIR)/Pods-MemoryGame-checkManifestLockResult.txt",
			);
			runOnlyForDeploymentPostprocessing = 0;
			shellPath = /bin/sh;
			shellScript = "diff \"${PODS_PODFILE_DIR_PATH}/Podfile.lock\" \"${PODS_ROOT}/Manifest.lock\" > /dev/null\nif [ $? != 0 ] ; then\n    # print error to STDERR\n    echo \"error: The sandbox is not in sync with the Podfile.lock. Run 'pod install' or update your CocoaPods installation.\" >&2\n    exit 1\nfi\n# This output is used by Xcode 'outputs' to avoid re-running this script phase.\necho \"SUCCESS\" > \"${SCRIPT_OUTPUT_FILE_0}\"\n";
			showEnvVarsInLog = 0;
		};
/* End PBXShellScriptBuildPhase section */

/* Begin PBXSourcesBuildPhase section */
		A0C5D0EE23EC881200610548 /* Sources */ = {
			isa = PBXSourcesBuildPhase;
			buildActionMask = 2147483647;
			files = (
				A0C5D11623EC998600610548 /* APIFlickr.swift in Sources */,
				A0C5D11423EC975600610548 /* GameController.swift in Sources */,
				A0EA620F23ED95D0004123BB /* HighscoreCell.swift in Sources */,
				A0C5D0F623EC881300610548 /* AppDelegate.swift in Sources */,
				A0EA621323ED9FCB004123BB /* Player.swift in Sources */,
				A0EA620B23ECB6AB004123BB /* LevelController.swift in Sources */,
				A0C5D11223EC96DD00610548 /* MemoryGame.swift in Sources */,
				A0EA620323ECB0DB004123BB /* Extension.swift in Sources */,
				A0C5D10023EC881300610548 /* MemoryGame.xcdatamodeld in Sources */,
				A0EA620923ECB69C004123BB /* MainController.swift in Sources */,
				A0EA620D23ED7F44004123BB /* Highscore.swift in Sources */,
				A0EA621123ED968B004123BB /* HighscoreController.swift in Sources */,
				A0C5D11023EC969700610548 /* Card.swift in Sources */,
				A0C5D11A23EC9BCD00610548 /* CardCell.swift in Sources */,
			);
			runOnlyForDeploymentPostprocessing = 0;
		};
/* End PBXSourcesBuildPhase section */

/* Begin PBXVariantGroup section */
		A0C5D0FB23EC881300610548 /* Main.storyboard */ = {
			isa = PBXVariantGroup;
			children = (
				A0C5D0FC23EC881300610548 /* Base */,
			);
			name = Main.storyboard;
			sourceTree = "<group>";
		};
		A0C5D10323EC881500610548 /* LaunchScreen.storyboard */ = {
			isa = PBXVariantGroup;
			children = (
				A0C5D10423EC881500610548 /* Base */,
			);
			name = LaunchScreen.storyboard;
			sourceTree = "<group>";
		};
/* End PBXVariantGroup section */

/* Begin XCBuildConfiguration section */
		A0C5D10723EC881500610548 /* Debug */ = {
			isa = XCBuildConfiguration;
			buildSettings = {
				ALWAYS_SEARCH_USER_PATHS = NO;
				CLANG_ANALYZER_NONNULL = YES;
				CLANG_ANALYZER_NUMBER_OBJECT_CONVERSION = YES_AGGRESSIVE;
				CLANG_CXX_LANGUAGE_STANDARD = "gnu++14";
				CLANG_CXX_LIBRARY = "libc++";
				CLANG_ENABLE_MODULES = YES;
				CLANG_ENABLE_OBJC_ARC = YES;
				CLANG_ENABLE_OBJC_WEAK = YES;
				CLANG_WARN_BLOCK_CAPTURE_AUTORELEASING = YES;
				CLANG_WARN_BOOL_CONVERSION = YES;
				CLANG_WARN_COMMA = YES;
				CLANG_WARN_CONSTANT_CONVERSION = YES;
				CLANG_WARN_DEPRECATED_OBJC_IMPLEMENTATIONS = YES;
				CLANG_WARN_DIRECT_OBJC_ISA_USAGE = YES_ERROR;
				CLANG_WARN_DOCUMENTATION_COMMENTS = YES;
				CLANG_WARN_EMPTY_BODY = YES;
				CLANG_WARN_ENUM_CONVERSION = YES;
				CLANG_WARN_INFINITE_RECURSION = YES;
				CLANG_WARN_INT_CONVERSION = YES;
				CLANG_WARN_NON_LITERAL_NULL_CONVERSION = YES;
				CLANG_WARN_OBJC_IMPLICIT_RETAIN_SELF = YES;
				CLANG_WARN_OBJC_LITERAL_CONVERSION = YES;
				CLANG_WARN_OBJC_ROOT_CLASS = YES_ERROR;
				CLANG_WARN_RANGE_LOOP_ANALYSIS = YES;
				CLANG_WARN_STRICT_PROTOTYPES = YES;
				CLANG_WARN_SUSPICIOUS_MOVE = YES;
				CLANG_WARN_UNGUARDED_AVAILABILITY = YES_AGGRESSIVE;
				CLANG_WARN_UNREACHABLE_CODE = YES;
				CLANG_WARN__DUPLICATE_METHOD_MATCH = YES;
				COPY_PHASE_STRIP = NO;
				DEBUG_INFORMATION_FORMAT = dwarf;
				ENABLE_STRICT_OBJC_MSGSEND = YES;
				ENABLE_TESTABILITY = YES;
				GCC_C_LANGUAGE_STANDARD = gnu11;
				GCC_DYNAMIC_NO_PIC = NO;
				GCC_NO_COMMON_BLOCKS = YES;
				GCC_OPTIMIZATION_LEVEL = 0;
				GCC_PREPROCESSOR_DEFINITIONS = (
					"DEBUG=1",
					"$(inherited)",
				);
				GCC_WARN_64_TO_32_BIT_CONVERSION = YES;
				GCC_WARN_ABOUT_RETURN_TYPE = YES_ERROR;
				GCC_WARN_UNDECLARED_SELECTOR = YES;
				GCC_WARN_UNINITIALIZED_AUTOS = YES_AGGRESSIVE;
				GCC_WARN_UNUSED_FUNCTION = YES;
				GCC_WARN_UNUSED_VARIABLE = YES;
				IPHONEOS_DEPLOYMENT_TARGET = 13.2;
				MTL_ENABLE_DEBUG_INFO = INCLUDE_SOURCE;
				MTL_FAST_MATH = YES;
				ONLY_ACTIVE_ARCH = YES;
				SDKROOT = iphoneos;
				SWIFT_ACTIVE_COMPILATION_CONDITIONS = DEBUG;
				SWIFT_OPTIMIZATION_LEVEL = "-Onone";
			};
			name = Debug;
		};
		A0C5D10823EC881500610548 /* Release */ = {
			isa = XCBuildConfiguration;
			buildSettings = {
				ALWAYS_SEARCH_USER_PATHS = NO;
				CLANG_ANALYZER_NONNULL = YES;
				CLANG_ANALYZER_NUMBER_OBJECT_CONVERSION = YES_AGGRESSIVE;
				CLANG_CXX_LANGUAGE_STANDARD = "gnu++14";
				CLANG_CXX_LIBRARY = "libc++";
				CLANG_ENABLE_MODULES = YES;
				CLANG_ENABLE_OBJC_ARC = YES;
				CLANG_ENABLE_OBJC_WEAK = YES;
				CLANG_WARN_BLOCK_CAPTURE_AUTORELEASING = YES;
				CLANG_WARN_BOOL_CONVERSION = YES;
				CLANG_WARN_COMMA = YES;
				CLANG_WARN_CONSTANT_CONVERSION = YES;
				CLANG_WARN_DEPRECATED_OBJC_IMPLEMENTATIONS = YES;
				CLANG_WARN_DIRECT_OBJC_ISA_USAGE = YES_ERROR;
				CLANG_WARN_DOCUMENTATION_COMMENTS = YES;
				CLANG_WARN_EMPTY_BODY = YES;
				CLANG_WARN_ENUM_CONVERSION = YES;
				CLANG_WARN_INFINITE_RECURSION = YES;
				CLANG_WARN_INT_CONVERSION = YES;
				CLANG_WARN_NON_LITERAL_NULL_CONVERSION = YES;
				CLANG_WARN_OBJC_IMPLICIT_RETAIN_SELF = YES;
				CLANG_WARN_OBJC_LITERAL_CONVERSION = YES;
				CLANG_WARN_OBJC_ROOT_CLASS = YES_ERROR;
				CLANG_WARN_RANGE_LOOP_ANALYSIS = YES;
				CLANG_WARN_STRICT_PROTOTYPES = YES;
				CLANG_WARN_SUSPICIOUS_MOVE = YES;
				CLANG_WARN_UNGUARDED_AVAILABILITY = YES_AGGRESSIVE;
				CLANG_WARN_UNREACHABLE_CODE = YES;
				CLANG_WARN__DUPLICATE_METHOD_MATCH = YES;
				COPY_PHASE_STRIP = NO;
				DEBUG_INFORMATION_FORMAT = "dwarf-with-dsym";
				ENABLE_NS_ASSERTIONS = NO;
				ENABLE_STRICT_OBJC_MSGSEND = YES;
				GCC_C_LANGUAGE_STANDARD = gnu11;
				GCC_NO_COMMON_BLOCKS = YES;
				GCC_WARN_64_TO_32_BIT_CONVERSION = YES;
				GCC_WARN_ABOUT_RETURN_TYPE = YES_ERROR;
				GCC_WARN_UNDECLARED_SELECTOR = YES;
				GCC_WARN_UNINITIALIZED_AUTOS = YES_AGGRESSIVE;
				GCC_WARN_UNUSED_FUNCTION = YES;
				GCC_WARN_UNUSED_VARIABLE = YES;
				IPHONEOS_DEPLOYMENT_TARGET = 13.2;
				MTL_ENABLE_DEBUG_INFO = NO;
				MTL_FAST_MATH = YES;
				SDKROOT = iphoneos;
				SWIFT_COMPILATION_MODE = wholemodule;
				SWIFT_OPTIMIZATION_LEVEL = "-O";
				VALIDATE_PRODUCT = YES;
			};
			name = Release;
		};
		A0C5D10A23EC881500610548 /* Debug */ = {
			isa = XCBuildConfiguration;
			baseConfigurationReference = 798B3A74EC0B3A1239FF81B2 /* Pods-MemoryGame.debug.xcconfig */;
			buildSettings = {
				ASSETCATALOG_COMPILER_APPICON_NAME = "AppIcon-1";
				CODE_SIGN_STYLE = Automatic;
				DEVELOPMENT_TEAM = TPD86YV292;
				INFOPLIST_FILE = MemoryGame/Info.plist;
				IPHONEOS_DEPLOYMENT_TARGET = 12.0;
				LD_RUNPATH_SEARCH_PATHS = (
					"$(inherited)",
					"@executable_path/Frameworks",
				);
				PRODUCT_BUNDLE_IDENTIFIER = ab.MemoryGame;
				PRODUCT_NAME = "$(TARGET_NAME)";
				SWIFT_VERSION = 5.0;
				TARGETED_DEVICE_FAMILY = "1,2";
			};
			name = Debug;
		};
		A0C5D10B23EC881500610548 /* Release */ = {
			isa = XCBuildConfiguration;
			baseConfigurationReference = 9CA1E7284AB83C0C7E16B6E0 /* Pods-MemoryGame.release.xcconfig */;
			buildSettings = {
				ASSETCATALOG_COMPILER_APPICON_NAME = "AppIcon-1";
				CODE_SIGN_STYLE = Automatic;
				DEVELOPMENT_TEAM = TPD86YV292;
				INFOPLIST_FILE = MemoryGame/Info.plist;
				IPHONEOS_DEPLOYMENT_TARGET = 12.0;
				LD_RUNPATH_SEARCH_PATHS = (
					"$(inherited)",
					"@executable_path/Frameworks",
				);
				PRODUCT_BUNDLE_IDENTIFIER = ab.MemoryGame;
				PRODUCT_NAME = "$(TARGET_NAME)";
				SWIFT_VERSION = 5.0;
				TARGETED_DEVICE_FAMILY = "1,2";
			};
			name = Release;
		};
/* End XCBuildConfiguration section */

/* Begin XCConfigurationList section */
		A0C5D0ED23EC881200610548 /* Build configuration list for PBXProject "MemoryGame" */ = {
			isa = XCConfigurationList;
			buildConfigurations = (
				A0C5D10723EC881500610548 /* Debug */,
				A0C5D10823EC881500610548 /* Release */,
			);
			defaultConfigurationIsVisible = 0;
			defaultConfigurationName = Release;
		};
		A0C5D10923EC881500610548 /* Build configuration list for PBXNativeTarget "MemoryGame" */ = {
			isa = XCConfigurationList;
			buildConfigurations = (
				A0C5D10A23EC881500610548 /* Debug */,
				A0C5D10B23EC881500610548 /* Release */,
			);
			defaultConfigurationIsVisible = 0;
			defaultConfigurationName = Release;
		};
/* End XCConfigurationList section */

/* Begin XCVersionGroup section */
		A0C5D0FE23EC881300610548 /* MemoryGame.xcdatamodeld */ = {
			isa = XCVersionGroup;
			children = (
				A0C5D0FF23EC881300610548 /* MemoryGame.xcdatamodel */,
			);
			currentVersion = A0C5D0FF23EC881300610548 /* MemoryGame.xcdatamodel */;
			path = MemoryGame.xcdatamodeld;
			sourceTree = "<group>";
			versionGroupType = wrapper.xcdatamodel;
		};
/* End XCVersionGroup section */
	};
	rootObject = A0C5D0EA23EC881200610548 /* Project object */;
}
